#MicroXplorer Configuration settings - do not modify
PD7.Mode=TX_Only_Simplex_Unidirect_Master
PA15\ (JTDI).GPIOParameters=GPIO_Label
USART2.IPParameters=VirtualMode-Asynchronous
SPI4.VirtualType=VM_MASTER
SPI1.VirtualType=VM_MASTER
PG4.Signal=GPIO_Input
PG4.Locked=true
PC12.Signal=SDMMC1_CK
PB14.GPIO_Label=A_CH2_FAULT
PG6.GPIO_Label=BUtton_Clock
PG3.GPIOParameters=GPIO_Label
PD3.GPIOParameters=GPIO_Label
PC3_C.Mode=IN1-Single-Ended
PD8.Locked=true
VP_RTC_VS_RTC_Activate.Mode=RTC_Enabled
RCC.RTCFreq_Value=32768
PD4.Locked=true
PA15\ (JTDI).Signal=GPIO_Input
RCC.CpuClockFreq_Value=480000000
PC5.Mode=RMII
PB13.Signal=ETH_TXD1
PG2.GPIOParameters=GPIO_Label
PinOutPanel.RotationAngle=0
RCC.MCO1PinFreq_Value=64000000
RCC.SYSCLKSource=RCC_SYSCLKSOURCE_PLLCLK
RCC.AHB4Freq_Value=240000000
RCC.LPTIM1Freq_Value=120000000
NVIC.SVCall_IRQn=true\:0\:0\:false\:false\:true\:false\:false
PA14\ (JTCK/SWCLK).Signal=DEBUG_JTCK-SWCLK
SH.S_TIM3_CH2.ConfNb=1
PF7.Signal=QUADSPI_BK1_IO2
SPI1.Direction=SPI_DIRECTION_2LINES_TXONLY
RCC.I2C4Freq_Value=120000000
PE2.Mode=Full_Duplex_Master
PD4.Signal=GPIO_Input
PB6.Signal=QUADSPI_BK1_NCS
PC7.Signal=SDMMC1_D123DIR
PB6.Mode=Single Bank 1
RCC.DIVQ3Freq_Value=48000000
SPI1.CalculateBaudRate=1.5 MBits/s
PD8.Signal=GPIO_Input
PE5.Signal=SPI4_MISO
PE1.Signal=GPIO_Output
PB13.Locked=true
ProjectManager.ProjectBuild=false
NVIC.UsageFault_IRQn=true\:0\:0\:false\:false\:true\:false\:false
RCC.RCC_RTC_Clock_Source_FROM_HSE=RCC_RTCCLKSOURCE_HSE_DIV8
RCC.DIVM3=1
RCC.DIVM2=8
RCC.DIVM1=1
RCC.RTCClockSelection=RCC_RTCCLKSOURCE_LSE
ProjectManager.FirmwarePackage=STM32Cube FW_H7 V1.9.0
MxDb.Version=DB.6.0.21
PE0.GPIOParameters=GPIO_Label
ProjectManager.BackupPrevious=false
RCC.FMCFreq_Value=240000000
RCC.USART16Freq_Value=48000000
SPI1.DataSize=SPI_DATASIZE_32BIT
PG4.GPIO_Label=Button_Func
PF10.Locked=true
PC9.Mode=SD_4_bits_Wide_bus_dir_voltage_converter
ADC3.IPParameters=Rank-1\#ChannelRegularConversion,Channel-1\#ChannelRegularConversion,SamplingTime-1\#ChannelRegularConversion,OffsetNumber-1\#ChannelRegularConversion,OffsetSignedSaturation-1\#ChannelRegularConversion,NbrOfConversionFlag,ClockPrescaler
PE2.Signal=SPI4_SCK
PF8.Mode=Single Bank 1
PA14\ (JTCK/SWCLK).Mode=Trace_Asynchronous_SW
SPI1.VirtualNSS=VM_NSSHARD
PE1.Locked=true
PB6.Locked=true
NVIC.PendSV_IRQn=true\:0\:0\:false\:false\:true\:false\:false
RCC.DIVR2Freq_Value=100000000
ProjectManager.HalAssertFull=false
ADC1.SamplingTime-0\#ChannelRegularConversion=ADC_SAMPLETIME_1CYCLE_5
RCC.DIVP2Freq_Value=50000000
RCC.MCO2PinFreq_Value=480000000
Mcu.Package=LQFP144
PB9.Signal=SDMMC1_CDIR
PG5.GPIOParameters=GPIO_Label
VP_SYS_VS_Systick.Signal=SYS_VS_Systick
PA10.Signal=USART1_RX
VP_RTC_VS_RTC_Calendar.Mode=RTC_Calendar
RCC.DFSDMFreq_Value=120000000
PF7.Locked=true
PC11.Mode=SD_4_bits_Wide_bus_dir_voltage_converter
PB14.GPIOParameters=GPIO_Label
PC14-OSC32_IN\ (OSC32_IN).Mode=LSE-External-Oscillator
RCC.TraceFreq_Value=120000000
RCC.APB4Freq_Value=120000000
RCC.CECFreq_Value=32000
RCC.SAI23Freq_Value=48000000
NVIC.BusFault_IRQn=true\:0\:0\:false\:false\:true\:false\:false
RCC.LPUART1Freq_Value=120000000
PF10.Mode=Single Bank 1
USB_OTG_FS.IPParameters=VirtualMode
PB13.Mode=RMII
PH0-OSC_IN\ (PH0).Mode=HSE-External-Oscillator
ProjectManager.CustomerFirmwarePackage=
PC4.Mode=RMII
RCC.VCO3OutputFreq_Value=144000000
ProjectManager.ProjectFileName=Test H743ZI.ioc
RCC.DIVQ3=3
RCC.DIVQ2=8
RCC.DIVQ1=20
ADC1.Rank-0\#ChannelRegularConversion=1
ADC3.OffsetNumber-1\#ChannelRegularConversion=ADC_OFFSET_NONE
Mcu.PinsNb=69
ADC1.IPParameters=Rank-0\#ChannelRegularConversion,Channel-0\#ChannelRegularConversion,SamplingTime-0\#ChannelRegularConversion,OffsetNumber-0\#ChannelRegularConversion,OffsetSignedSaturation-0\#ChannelRegularConversion,NbrOfConversionFlag,master,ClockPrescaler
PG5.Locked=true
PG5.Signal=GPIO_Input
ADC1.OffsetNumber-0\#ChannelRegularConversion=ADC_OFFSET_NONE
PG3.Locked=true
RCC.SWPMI1Freq_Value=120000000
PD3.Signal=GPIO_Output
PC6.Signal=SDMMC1_D0DIR
PD7.Signal=SPI1_MOSI
RCC.DIVP2=4
Mcu.Pin68=VP_SYS_VS_Systick
PB14.Locked=true
RCC.QSPIFreq_Value=240000000
PD6.Mode=Asynchronous
Mcu.Pin62=PB8
Mcu.Pin63=PB9
Mcu.Pin60=PB5
Mcu.Pin61=PB6
Mcu.Pin66=VP_RTC_VS_RTC_Activate
Mcu.Pin67=VP_RTC_VS_RTC_Calendar
Mcu.Pin64=PE0
Mcu.Pin65=PE1
PG10.Signal=SPI1_NSS
PG10.Locked=true
ETH.IPParameters=MediaInterface
RCC.D1CPREFreq_Value=480000000
PF1.Mode=I2C
RCC.USART234578Freq_Value=120000000
RCC.Tim1OutputFreq_Value=240000000
Mcu.Pin59=PB4 (NJTRST)
Mcu.Pin57=PG11
RCC.SPI123Freq_Value=48000000
Mcu.Pin58=PB3 (JTDO/TRACESWO)
PB11.Mode=RMII
Mcu.Pin51=PD3
Mcu.Pin52=PD4
Mcu.Pin50=PD2
PC6.Mode=SD_4_bits_Wide_bus_dir_voltage_converter
Mcu.Pin55=PD7
Mcu.Pin56=PG10
Mcu.Pin53=PD5
ADC2.IPParameters=Rank-0\#ChannelRegularConversion,Channel-0\#ChannelRegularConversion,SamplingTime-0\#ChannelRegularConversion,OffsetNumber-0\#ChannelRegularConversion,OffsetSignedSaturation-0\#ChannelRegularConversion,NbrOfConversionFlag,ClockPrescaler
Mcu.Pin54=PD6
PA9.Signal=USART1_TX
RCC.DIVN3=18
RCC.DIVN2=200
RCC.DIVN1=120
SPI4.VirtualNSS=VM_NSSHARD
Mcu.Pin48=PC11
Mcu.Pin49=PC12
Mcu.Pin46=PA15 (JTDI)
ADC1.OffsetSignedSaturation-0\#ChannelRegularConversion=DISABLE
Mcu.Pin47=PC10
PG6.GPIOParameters=GPIO_Label
PB14.Signal=GPIO_Input
Mcu.Pin40=PA9
Mcu.Pin41=PA10
ADC2.OffsetNumber-0\#ChannelRegularConversion=ADC_OFFSET_NONE
Mcu.Pin44=PA13 (JTMS/SWDIO)
PC12.Mode=SD_4_bits_Wide_bus_dir_voltage_converter
Mcu.Pin45=PA14 (JTCK/SWCLK)
Mcu.Pin42=PA11
Mcu.Pin43=PA12
PE1.GPIO_Label=SKIP_N_UNLOADED_BEEPER
ProjectManager.LastFirmware=true
RCC.AHB12Freq_Value=240000000
PA1.Mode=RMII
PE6.Mode=Full_Duplex_Master
Mcu.Pin37=PC7
Mcu.Pin38=PC8
PB15.GPIO_Label=A_CH3_FAULT
Mcu.Pin35=PG7
Mcu.Pin36=PC6
SPI1.Mode=SPI_MODE_MASTER
PG7.GPIO_Label=Button_Emh
Mcu.Pin39=PC9
RCC.RNGFreq_Value=48000000
Mcu.Pin30=PG2
Mcu.Pin33=PG5
Mcu.Pin34=PG6
Mcu.Pin31=PG3
Mcu.Pin32=PG4
PA9.Locked=true
NVIC.NonMaskableInt_IRQn=true\:0\:0\:false\:false\:true\:false\:false
PF13.Signal=ADC2_INP2
ProjectManager.FreePins=false
RCC.LPTIM2Freq_Value=120000000
ADC3.Channel-1\#ChannelRegularConversion=ADC_CHANNEL_1
Mcu.Pin26=PB13
Mcu.Pin27=PB14
Mcu.Pin24=PB11
ProjectManager.UnderRoot=true
Mcu.Pin25=PB12
CORTEX_M7.IPParameters=MPU_Control
Mcu.Pin28=PB15
PC8.Mode=SD_4_bits_Wide_bus_dir_voltage_converter
Mcu.Pin29=PD8
ADC3.Rank-1\#ChannelRegularConversion=1
ETH.MediaInterface=HAL_ETH_RMII_MODE
PB5.Signal=S_TIM3_CH2
Mcu.Pin22=PF12
Mcu.Pin23=PF13
Mcu.Pin20=PC4
ADC1.master=1
Mcu.Pin21=PC5
PA10.Locked=true
ADC2.NbrOfConversionFlag=1
NVIC.ForceEnableDMAVector=true
NVIC.MemoryManagement_IRQn=true\:0\:0\:false\:false\:true\:false\:false
SPI1.MasterInterDataIdleness=SPI_MASTER_INTERDATA_IDLENESS_04CYCLE
ProjectManager.CompilerOptimize=6
PG11.Mode=TX_Only_Simplex_Unidirect_Master
PA11.Signal=USB_OTG_FS_DM
ProjectManager.HeapSize=0x200
Mcu.Pin15=PC1
NVIC.HardFault_IRQn=true\:0\:0\:false\:false\:true\:false\:false
Mcu.Pin16=PC3_C
Mcu.Pin13=PH0-OSC_IN (PH0)
Mcu.Pin14=PH1-OSC_OUT (PH1)
Mcu.Pin19=PA7
PF6.Mode=Single Bank 1
SH.S_TIM3_CH1.ConfNb=1
RCC.LPTIM345Freq_Value=120000000
ProjectManager.ComputerToolchain=false
PF9.Signal=QUADSPI_BK1_IO1
Mcu.Pin17=PA1
Mcu.Pin18=PA2
RCC.LTDCFreq_Value=144000000
NVIC.PriorityGroup=NVIC_PRIORITYGROUP_4
Mcu.Pin11=PF9
Mcu.Pin12=PF10
PB3\ (JTDO/TRACESWO).Mode=Trace_Asynchronous_SW
PB8.Mode=SD_4_bits_Wide_bus_dir_voltage_converter
Mcu.Pin10=PF8
ADC3.OffsetSignedSaturation-1\#ChannelRegularConversion=DISABLE
PF13.Mode=IN2-Single-Ended
PG3.GPIO_Label=Button_-
PD2.Signal=SDMMC1_CMD
RCC.HCLK3ClockFreq_Value=240000000
RCC.DIVR3=1
RCC.DIVR1=8
PC1.Signal=ETH_MDC
PG7.GPIOParameters=GPIO_Label
PA13\ (JTMS/SWDIO).Signal=DEBUG_JTMS-SWDIO
PC1.Mode=RMII
Mcu.Family=STM32H7
SPI1.MasterSSIdleness=SPI_MASTER_SS_IDLENESS_04CYCLE
RCC.DIVQ2Freq_Value=25000000
ProjectManager.MainLocation=Core/Src
I2C2.IPParameters=Timing
RCC.SAI1Freq_Value=48000000
RCC.CortexFreq_Value=480000000
PG6.Signal=GPIO_Input
ProjectManager.KeepUserCode=true
Mcu.UserName=STM32H743ZITx
RCC.HPRE=RCC_HCLK_DIV2
ADC2.Channel-0\#ChannelRegularConversion=ADC_CHANNEL_2
PH0-OSC_IN\ (PH0).Signal=RCC_OSC_IN
PG2.Signal=GPIO_Input
PG6.Locked=true
PG2.Locked=true
PC10.Signal=SDMMC1_D2
PC15-OSC32_OUT\ (OSC32_OUT).Mode=LSE-External-Oscillator
SPI4.Direction=SPI_DIRECTION_2LINES
I2C2.Timing=0x307075B1
ProjectManager.functionlistsort=1-MX_GPIO_Init-GPIO-false-HAL-true,2-SystemClock_Config-RCC-false-HAL-false,3-MX_ADC1_Init-ADC1-false-HAL-true,4-MX_ADC2_Init-ADC2-false-HAL-true,5-MX_ETH_Init-ETH-false-HAL-true,6-MX_QUADSPI_Init-QUADSPI-false-HAL-true,7-MX_USB_OTG_FS_PCD_Init-USB_OTG_FS-false-HAL-true,8-MX_RTC_Init-RTC-false-HAL-true,9-MX_SDMMC1_SD_Init-SDMMC1-false-HAL-true,10-MX_SPI4_Init-SPI4-false-HAL-true,11-MX_I2C2_Init-I2C2-false-HAL-true,12-MX_USART2_UART_Init-USART2-false-HAL-true,13-MX_ADC3_Init-ADC3-false-HAL-true,14-MX_TIM3_Init-TIM3-false-HAL-true,15-MX_SPI1_Init-SPI1-false-HAL-true
PA11.Mode=Device_Only
PD6.Locked=true
VP_RTC_VS_RTC_Calendar.Signal=RTC_VS_RTC_Calendar
RCC.VCO2OutputFreq_Value=200000000
PG5.GPIO_Label=Button_pH
PB11.Signal=ETH_TX_EN
PB15.Signal=GPIO_Input
PG11.Signal=SPI1_SCK
ProjectManager.StackSize=0x400
RCC.VCOInput3Freq_Value=8000000
Mcu.IP4=DEBUG
Mcu.IP5=ETH
Mcu.IP2=ADC3
Mcu.IP3=CORTEX_M7
Mcu.IP0=ADC1
Mcu.IP1=ADC2
PA12.Signal=USB_OTG_FS_DP
PF9.Locked=true
Mcu.UserConstants=
SPI4.Mode=SPI_MODE_MASTER
RCC.DIVP3Freq_Value=72000000
RCC.SDMMCFreq_Value=100000000
Mcu.ThirdPartyNb=0
RCC.HCLKFreq_Value=240000000
Mcu.IPNb=18
ProjectManager.PreviousToolchain=
RCC.SPDIFRXFreq_Value=48000000
PD8.GPIOParameters=GPIO_Label
PF12.Signal=ADC1_INP6
Mcu.Pin6=PF0
Mcu.Pin7=PF1
Mcu.Pin8=PF6
Mcu.Pin9=PF7
SPI4.IPParameters=VirtualType,Mode,Direction,CalculateBaudRate,VirtualNSS
Mcu.Pin0=PE2
Mcu.Pin1=PE4
PD5.Mode=Asynchronous
Mcu.Pin2=PE5
RCC.HRTIMFreq_Value=240000000
Mcu.Pin3=PE6
Mcu.Pin4=PC14-OSC32_IN (OSC32_IN)
Mcu.Pin5=PC15-OSC32_OUT (OSC32_OUT)
ADC3.SamplingTime-1\#ChannelRegularConversion=ADC_SAMPLETIME_1CYCLE_5
ADC1.Channel-0\#ChannelRegularConversion=ADC_CHANNEL_6
PH1-OSC_OUT\ (PH1).Mode=HSE-External-Oscillator
RCC.DIVR3Freq_Value=144000000
RCC.HSE_VALUE=8000000
NVIC.DebugMonitor_IRQn=true\:0\:0\:false\:false\:true\:false\:false
Mcu.IP10=RTC
USART2.VirtualMode-Asynchronous=VM_ASYNC
NVIC.SysTick_IRQn=true\:0\:0\:false\:false\:true\:false\:true
Mcu.IP12=SPI1
Mcu.IP11=SDMMC1
Mcu.IP17=USB_OTG_FS
RCC.DIVP1Freq_Value=480000000
Mcu.IP14=SYS
PF9.Mode=Single Bank 1
Mcu.IP13=SPI4
Mcu.IP16=USART2
Mcu.IP15=TIM3
File.Version=6
PE4.Mode=NSS_Signal_Hard_Output
SH.S_TIM3_CH1.0=TIM3_CH1,Encoder_Interface
PE4.Signal=SPI4_NSS
ProjectManager.ProjectName=Test H743ZI
RCC.APB3Freq_Value=120000000
PB4\ (NJTRST).Locked=true
PB12.Mode=RMII
RCC.D1PPRE=RCC_APB3_DIV2
PG11.Locked=true
RCC.SDMMC1CLockSelection=RCC_SDMMCCLKSOURCE_PLL2
ProjectManager.ToolChainLocation=
USB_OTG_FS.VirtualMode=Device_Only
PF8.Signal=QUADSPI_BK1_IO0
ADC2.SamplingTime-0\#ChannelRegularConversion=ADC_SAMPLETIME_1CYCLE_5
RCC.DIVR1Freq_Value=120000000
PE0.GPIO_Label=SKIP_N_UNLOADED_REL
ADC3.ClockPrescaler=ADC_CLOCK_ASYNC_DIV2
PF0.Signal=I2C2_SDA
PC5.Signal=ETH_RXD1
PD3.GPIO_Label=SD_CARD_INS
ADC2.Rank-0\#ChannelRegularConversion=1
PD6.Signal=USART2_RX
SPI1.BaudRatePrescaler=SPI_BAUDRATEPRESCALER_32
RCC.Tim2OutputFreq_Value=240000000
RCC.DFSDMACLkFreq_Value=48000000
PB15.Locked=true
PG2.GPIO_Label=Button_+
VP_RTC_VS_RTC_Activate.Signal=RTC_VS_RTC_Activate
ADC2.ClockPrescaler=ADC_CLOCK_ASYNC_DIV2
RCC.PLLSourceVirtual=RCC_PLLSOURCE_HSE
PG7.Locked=true
PA7.Mode=RMII
PG7.Signal=GPIO_Input
PA13\ (JTMS/SWDIO).Mode=Trace_Asynchronous_SW
ProjectManager.NoMain=false
SPI1.IPParameters=VirtualType,Mode,Direction,CalculateBaudRate,VirtualNSS,DataSize,BaudRatePrescaler,FifoThreshold,MasterSSIdleness,MasterInterDataIdleness
PG3.Signal=GPIO_Input
SPI1.FifoThreshold=SPI_FIFO_THRESHOLD_04DATA
PC11.Signal=SDMMC1_D3
RCC.SAI4BFreq_Value=48000000
PC8.Signal=SDMMC1_D0
PC4.Signal=ETH_RXD0
PC10.Mode=SD_4_bits_Wide_bus_dir_voltage_converter
PG10.Mode=NSS_Signal_Hard_Output
RCC.D2PPRE2=RCC_APB2_DIV2
RCC.D2PPRE1=RCC_APB1_DIV2
ProjectManager.DefaultFWLocation=true
PD5.Signal=USART2_TX
PB12.Locked=true
ProjectManager.DeletePrevious=true
ADC2.OffsetSignedSaturation-0\#ChannelRegularConversion=DISABLE
RCC.FamilyName=M
PH1-OSC_OUT\ (PH1).Signal=RCC_OSC_OUT
PD8.GPIO_Label=A_CH1_FAULT
RCC.SPI6Freq_Value=25000000
PF7.Mode=Single Bank 1
CORTEX_M7.MPU_Control=__NULL
RCC.SPI45Freq_Value=120000000
PF6.Signal=QUADSPI_BK1_IO3
PB3\ (JTDO/TRACESWO).Signal=DEBUG_JTDO-SWO
ProjectManager.TargetToolchain=STM32CubeIDE
PC15-OSC32_OUT\ (OSC32_OUT).Signal=RCC_OSC32_OUT
RCC.VCO1OutputFreq_Value=960000000
PF6.Locked=true
RCC.SPI6CLockSelection=RCC_SPI6CLKSOURCE_PLL2
PB9.Mode=SD_4_bits_Wide_bus_dir_voltage_converter
RCC.AXIClockFreq_Value=240000000
ProjectManager.RegisterCallBack=
PE0.Locked=true
RCC.USBFreq_Value=48000000
PD3.Locked=true
PA1.Signal=ETH_REF_CLK
RCC.CKPERFreq_Value=64000000
PD2.Mode=SD_4_bits_Wide_bus_dir_voltage_converter
SH.S_TIM3_CH2.0=TIM3_CH2,Encoder_Interface
board=custom
RCC.VCOInput1Freq_Value=8000000
RCC.APB2Freq_Value=120000000
MxCube.Version=6.2.1
PG4.GPIOParameters=GPIO_Label
PD4.GPIO_Label=SD_CARD_CS
RCC.FDCANFreq_Value=48000000
PF10.Signal=QUADSPI_CLK
PE5.Mode=Full_Duplex_Master
RCC.ADCFreq_Value=50000000
PD4.GPIOParameters=GPIO_Label
VP_SYS_VS_Systick.Mode=SysTick
SPI4.CalculateBaudRate=60.0 MBits/s
PF1.Signal=I2C2_SCL
PE6.Signal=SPI4_MOSI
PB15.GPIOParameters=GPIO_Label
PA15\ (JTDI).GPIO_Label=LEVEL_SWITCH
RCC.IPParameters=ADCFreq_Value,AHB12Freq_Value,AHB4Freq_Value,APB1Freq_Value,APB2Freq_Value,APB3Freq_Value,APB4Freq_Value,AXIClockFreq_Value,CECFreq_Value,CKPERFreq_Value,CortexFreq_Value,CpuClockFreq_Value,D1CPREFreq_Value,D1PPRE,D2PPRE1,D2PPRE2,D3PPRE,DFSDMACLkFreq_Value,DFSDMFreq_Value,DIVM1,DIVM2,DIVM3,DIVN1,DIVN2,DIVN3,DIVP1Freq_Value,DIVP2,DIVP2Freq_Value,DIVP3Freq_Value,DIVQ1,DIVQ1Freq_Value,DIVQ2,DIVQ2Freq_Value,DIVQ3,DIVQ3Freq_Value,DIVR1,DIVR1Freq_Value,DIVR2Freq_Value,DIVR3,DIVR3Freq_Value,FDCANFreq_Value,FMCFreq_Value,FamilyName,HCLK3ClockFreq_Value,HCLKFreq_Value,HPRE,HRTIMFreq_Value,HSE_VALUE,I2C123Freq_Value,I2C4Freq_Value,LPTIM1Freq_Value,LPTIM2Freq_Value,LPTIM345Freq_Value,LPUART1Freq_Value,LTDCFreq_Value,MCO1PinFreq_Value,MCO2PinFreq_Value,PLLSourceVirtual,QSPIFreq_Value,RCC_RTC_Clock_Source_FROM_HSE,RNGFreq_Value,RTCClockSelection,RTCFreq_Value,SAI1Freq_Value,SAI23Freq_Value,SAI4AFreq_Value,SAI4BFreq_Value,SDMMC1CLockSelection,SDMMCFreq_Value,SPDIFRXFreq_Value,SPI123Freq_Value,SPI45Freq_Value,SPI6CLockSelection,SPI6Freq_Value,SWPMI1Freq_Value,SYSCLKFreq_VALUE,SYSCLKSource,Tim1OutputFreq_Value,Tim2OutputFreq_Value,TraceFreq_Value,USART16CLockSelection,USART16Freq_Value,USART234578Freq_Value,USBFreq_Value,VCO1OutputFreq_Value,VCO2OutputFreq_Value,VCO3OutputFreq_Value,VCOInput1Freq_Value,VCOInput2Freq_Value,VCOInput3Freq_Value
ProjectManager.AskForMigrate=true
PE0.Signal=GPIO_Output
Mcu.Name=STM32H743ZITx
PA2.Signal=ETH_MDIO
Mcu.IP8=QUADSPI
Mcu.IP9=RCC
Mcu.IP6=I2C2
Mcu.IP7=NVIC
ProjectManager.CoupleFile=false
RCC.SYSCLKFreq_VALUE=480000000
RCC.I2C123Freq_Value=120000000
PF12.Mode=IN6-Single-Ended
PA12.Mode=Device_Only
KeepUserPlacement=false
PC14-OSC32_IN\ (OSC32_IN).Signal=RCC_OSC32_IN
PF0.Mode=I2C
RCC.SAI4AFreq_Value=48000000
ADC1.NbrOfConversionFlag=1
PC3_C.Signal=ADC3_INP1
RCC.DIVQ1Freq_Value=48000000
PA2.Mode=RMII
PB8.Signal=SDMMC1_CKIN
RCC.D3PPRE=RCC_APB4_DIV2
PC9.Signal=SDMMC1_D1
PC7.Mode=SD_4_bits_Wide_bus_dir_voltage_converter
PA15\ (JTDI).Locked=true
RCC.VCOInput2Freq_Value=1000000
RCC.APB1Freq_Value=120000000
ADC3.NbrOfConversionFlag=1
ADC1.ClockPrescaler=ADC_CLOCK_ASYNC_DIV2
PB11.Locked=true
ProjectManager.DeviceId=STM32H743ZITx
RCC.USART16CLockSelection=RCC_USART16CLKSOURCE_PLL3
PB12.Signal=ETH_TXD0
ProjectManager.LibraryCopy=1
PE1.GPIOParameters=GPIO_Label
PA7.Signal=ETH_CRS_DV
PB4\ (NJTRST).Signal=S_TIM3_CH1
isbadioc=true
